
Microsoft Visual Studio Solution File, Format Version 12.00
# Visual Studio Version 17
VisualStudioVersion = 17.12.35707.178
MinimumVisualStudioVersion = 10.0.40219.1
Project("{2150E333-8FDC-42A3-9474-1A3956D46DE8}") = "Domain", "Domain", "{EE09B773-3E80-42B9-AD92-ACE76BDB0762}"
EndProject
Project("{2150E333-8FDC-42A3-9474-1A3956D46DE8}") = "Application", "Application", "{FF2D0404-1EC8-4A3D-BE64-B07C53EBDF8B}"
EndProject
Project("{2150E333-8FDC-42A3-9474-1A3956D46DE8}") = "InterfaceAdapters", "InterfaceAdapters", "{F0AC339F-28CE-4F18-B88D-7240BB69BE6F}"
EndProject
Project("{2150E333-8FDC-42A3-9474-1A3956D46DE8}") = "FrameWorksDrivers", "FrameWorksDrivers", "{A0B2616A-5139-4FBF-A6E4-7DE7BFC29313}"
EndProject
Project("{FAE04EC0-301F-11D3-BF4B-00C04F79EFBC}") = "AppGan.Entities", "SftGan.Entityes\AppGan.Entities.csproj", "{4A177E97-E023-4979-981C-8C9DB7EC5911}"
EndProject
Project("{2150E333-8FDC-42A3-9474-1A3956D46DE8}") = "GateWays", "GateWays", "{4F3A1636-5C99-4EB2-BB05-72266355D329}"
EndProject
Project("{FAE04EC0-301F-11D3-BF4B-00C04F79EFBC}") = "AppGan.Repositories.EFCore", "AppGan.Repositories.EFCore\AppGan.Repositories.EFCore.csproj", "{2E92FE7D-8194-43B4-B328-1F4BDFD3B308}"
EndProject
Project("{FAE04EC0-301F-11D3-BF4B-00C04F79EFBC}") = "AppGan.UseCasesDTOs", "AppGan.UseCasesDTOs\AppGan.UseCasesDTOs.csproj", "{FE742CAC-8B90-4DC4-877E-B919841EE5ED}"
EndProject
Project("{FAE04EC0-301F-11D3-BF4B-00C04F79EFBC}") = "AppGan.UseCases", "AppGan.UseCases\AppGan.UseCases.csproj", "{C6432205-157F-4A8B-AF82-E44EDC5089B2}"
EndProject
Project("{FAE04EC0-301F-11D3-BF4B-00C04F79EFBC}") = "AppGan.IoC", "AppGan.IoC\AppGan.IoC.csproj", "{5EEECB78-FCEE-4AC6-915F-8FE31D4FB50C}"
EndProject
Project("{2150E333-8FDC-42A3-9474-1A3956D46DE8}") = "Presenters", "Presenters", "{FAEA3261-2014-48AA-8E5C-90C54E3F1FA6}"
EndProject
Project("{FAE04EC0-301F-11D3-BF4B-00C04F79EFBC}") = "AppGan.WebExceptionsPresenter", "AppGan.WebExceptionsPresenter\AppGan.WebExceptionsPresenter.csproj", "{2D65BC35-C916-4B95-A85B-DEF1F21745D3}"
EndProject
Global
	GlobalSection(SolutionConfigurationPlatforms) = preSolution
		Debug|Any CPU = Debug|Any CPU
		Release|Any CPU = Release|Any CPU
	EndGlobalSection
	GlobalSection(ProjectConfigurationPlatforms) = postSolution
		{4A177E97-E023-4979-981C-8C9DB7EC5911}.Debug|Any CPU.ActiveCfg = Debug|Any CPU
		{4A177E97-E023-4979-981C-8C9DB7EC5911}.Debug|Any CPU.Build.0 = Debug|Any CPU
		{4A177E97-E023-4979-981C-8C9DB7EC5911}.Release|Any CPU.ActiveCfg = Release|Any CPU
		{4A177E97-E023-4979-981C-8C9DB7EC5911}.Release|Any CPU.Build.0 = Release|Any CPU
		{2E92FE7D-8194-43B4-B328-1F4BDFD3B308}.Debug|Any CPU.ActiveCfg = Debug|Any CPU
		{2E92FE7D-8194-43B4-B328-1F4BDFD3B308}.Debug|Any CPU.Build.0 = Debug|Any CPU
		{2E92FE7D-8194-43B4-B328-1F4BDFD3B308}.Release|Any CPU.ActiveCfg = Release|Any CPU
		{2E92FE7D-8194-43B4-B328-1F4BDFD3B308}.Release|Any CPU.Build.0 = Release|Any CPU
		{FE742CAC-8B90-4DC4-877E-B919841EE5ED}.Debug|Any CPU.ActiveCfg = Debug|Any CPU
		{FE742CAC-8B90-4DC4-877E-B919841EE5ED}.Debug|Any CPU.Build.0 = Debug|Any CPU
		{FE742CAC-8B90-4DC4-877E-B919841EE5ED}.Release|Any CPU.ActiveCfg = Release|Any CPU
		{FE742CAC-8B90-4DC4-877E-B919841EE5ED}.Release|Any CPU.Build.0 = Release|Any CPU
		{C6432205-157F-4A8B-AF82-E44EDC5089B2}.Debug|Any CPU.ActiveCfg = Debug|Any CPU
		{C6432205-157F-4A8B-AF82-E44EDC5089B2}.Debug|Any CPU.Build.0 = Debug|Any CPU
		{C6432205-157F-4A8B-AF82-E44EDC5089B2}.Release|Any CPU.ActiveCfg = Release|Any CPU
		{C6432205-157F-4A8B-AF82-E44EDC5089B2}.Release|Any CPU.Build.0 = Release|Any CPU
		{5EEECB78-FCEE-4AC6-915F-8FE31D4FB50C}.Debug|Any CPU.ActiveCfg = Debug|Any CPU
		{5EEECB78-FCEE-4AC6-915F-8FE31D4FB50C}.Debug|Any CPU.Build.0 = Debug|Any CPU
		{5EEECB78-FCEE-4AC6-915F-8FE31D4FB50C}.Release|Any CPU.ActiveCfg = Release|Any CPU
		{5EEECB78-FCEE-4AC6-915F-8FE31D4FB50C}.Release|Any CPU.Build.0 = Release|Any CPU
		{2D65BC35-C916-4B95-A85B-DEF1F21745D3}.Debug|Any CPU.ActiveCfg = Debug|Any CPU
		{2D65BC35-C916-4B95-A85B-DEF1F21745D3}.Debug|Any CPU.Build.0 = Debug|Any CPU
		{2D65BC35-C916-4B95-A85B-DEF1F21745D3}.Release|Any CPU.ActiveCfg = Release|Any CPU
		{2D65BC35-C916-4B95-A85B-DEF1F21745D3}.Release|Any CPU.Build.0 = Release|Any CPU
	EndGlobalSection
	GlobalSection(SolutionProperties) = preSolution
		HideSolutionNode = FALSE
	EndGlobalSection
	GlobalSection(NestedProjects) = preSolution
		{4A177E97-E023-4979-981C-8C9DB7EC5911} = {EE09B773-3E80-42B9-AD92-ACE76BDB0762}
		{4F3A1636-5C99-4EB2-BB05-72266355D329} = {F0AC339F-28CE-4F18-B88D-7240BB69BE6F}
		{2E92FE7D-8194-43B4-B328-1F4BDFD3B308} = {4F3A1636-5C99-4EB2-BB05-72266355D329}
		{FE742CAC-8B90-4DC4-877E-B919841EE5ED} = {FF2D0404-1EC8-4A3D-BE64-B07C53EBDF8B}
		{C6432205-157F-4A8B-AF82-E44EDC5089B2} = {FF2D0404-1EC8-4A3D-BE64-B07C53EBDF8B}
		{5EEECB78-FCEE-4AC6-915F-8FE31D4FB50C} = {F0AC339F-28CE-4F18-B88D-7240BB69BE6F}
		{FAEA3261-2014-48AA-8E5C-90C54E3F1FA6} = {F0AC339F-28CE-4F18-B88D-7240BB69BE6F}
		{2D65BC35-C916-4B95-A85B-DEF1F21745D3} = {FAEA3261-2014-48AA-8E5C-90C54E3F1FA6}
	EndGlobalSection
EndGlobal
