
Microsoft Visual Studio Solution File, Format Version 12.00
# Visual Studio Version 17
VisualStudioVersion = 17.12.35707.178 d17.12
MinimumVisualStudioVersion = 10.0.40219.1
Project("{FAE04EC0-301F-11D3-BF4B-00C04F79EFBC}") = "Async01", "Async01\Async01.csproj", "{ADD46320-BAE8-459B-AE78-041A2A3807B7}"
EndProject
Global
	GlobalSection(SolutionConfigurationPlatforms) = preSolution
		Debug|Any CPU = Debug|Any CPU
		Release|Any CPU = Release|Any CPU
	EndGlobalSection
	GlobalSection(ProjectConfigurationPlatforms) = postSolution
		{ADD46320-BAE8-459B-AE78-041A2A3807B7}.Debug|Any CPU.ActiveCfg = Debug|Any CPU
		{ADD46320-BAE8-459B-AE78-041A2A3807B7}.Debug|Any CPU.Build.0 = Debug|Any CPU
		{ADD46320-BAE8-459B-AE78-041A2A3807B7}.Release|Any CPU.ActiveCfg = Release|Any CPU
		{ADD46320-BAE8-459B-AE78-041A2A3807B7}.Release|Any CPU.Build.0 = Release|Any CPU
	EndGlobalSection
	GlobalSection(SolutionProperties) = preSolution
		HideSolutionNode = FALSE
	EndGlobalSection
EndGlobal
