
Microsoft Visual Studio Solution File, Format Version 12.00
# Visual Studio Version 17
VisualStudioVersion = 17.12.35707.178 d17.12
MinimumVisualStudioVersion = 10.0.40219.1
Project("{FAE04EC0-301F-11D3-BF4B-00C04F79EFBC}") = "09 Lambda09", "09 Lambda09\09 Lambda09.csproj", "{601D94B8-B49B-4DA4-A4F7-E8ABA24D4EA7}"
EndProject
Global
	GlobalSection(SolutionConfigurationPlatforms) = preSolution
		Debug|Any CPU = Debug|Any CPU
		Release|Any CPU = Release|Any CPU
	EndGlobalSection
	GlobalSection(ProjectConfigurationPlatforms) = postSolution
		{601D94B8-B49B-4DA4-A4F7-E8ABA24D4EA7}.Debug|Any CPU.ActiveCfg = Debug|Any CPU
		{601D94B8-B49B-4DA4-A4F7-E8ABA24D4EA7}.Debug|Any CPU.Build.0 = Debug|Any CPU
		{601D94B8-B49B-4DA4-A4F7-E8ABA24D4EA7}.Release|Any CPU.ActiveCfg = Release|Any CPU
		{601D94B8-B49B-4DA4-A4F7-E8ABA24D4EA7}.Release|Any CPU.Build.0 = Release|Any CPU
	EndGlobalSection
	GlobalSection(SolutionProperties) = preSolution
		HideSolutionNode = FALSE
	EndGlobalSection
EndGlobal
