
Microsoft Visual Studio Solution File, Format Version 12.00
# Visual Studio Version 17
VisualStudioVersion = 17.12.35707.178 d17.12
MinimumVisualStudioVersion = 10.0.40219.1
Project("{FAE04EC0-301F-11D3-BF4B-00C04F79EFBC}") = "Async02", "Async02\Async02.csproj", "{7B3C9676-003A-4612-B47C-C0E7F59DE14A}"
EndProject
Global
	GlobalSection(SolutionConfigurationPlatforms) = preSolution
		Debug|Any CPU = Debug|Any CPU
		Release|Any CPU = Release|Any CPU
	EndGlobalSection
	GlobalSection(ProjectConfigurationPlatforms) = postSolution
		{7B3C9676-003A-4612-B47C-C0E7F59DE14A}.Debug|Any CPU.ActiveCfg = Debug|Any CPU
		{7B3C9676-003A-4612-B47C-C0E7F59DE14A}.Debug|Any CPU.Build.0 = Debug|Any CPU
		{7B3C9676-003A-4612-B47C-C0E7F59DE14A}.Release|Any CPU.ActiveCfg = Release|Any CPU
		{7B3C9676-003A-4612-B47C-C0E7F59DE14A}.Release|Any CPU.Build.0 = Release|Any CPU
	EndGlobalSection
	GlobalSection(SolutionProperties) = preSolution
		HideSolutionNode = FALSE
	EndGlobalSection
EndGlobal
