
Microsoft Visual Studio Solution File, Format Version 12.00
# Visual Studio Version 17
VisualStudioVersion = 17.12.35707.178 d17.12
MinimumVisualStudioVersion = 10.0.40219.1
Project("{FAE04EC0-301F-11D3-BF4B-00C04F79EFBC}") = "MicrosoftAsync05", "MicrosoftAsync05\MicrosoftAsync05.csproj", "{B5E9B8CE-0B99-4E72-A7B7-E7228CCDCBB1}"
EndProject
Global
	GlobalSection(SolutionConfigurationPlatforms) = preSolution
		Debug|Any CPU = Debug|Any CPU
		Release|Any CPU = Release|Any CPU
	EndGlobalSection
	GlobalSection(ProjectConfigurationPlatforms) = postSolution
		{B5E9B8CE-0B99-4E72-A7B7-E7228CCDCBB1}.Debug|Any CPU.ActiveCfg = Debug|Any CPU
		{B5E9B8CE-0B99-4E72-A7B7-E7228CCDCBB1}.Debug|Any CPU.Build.0 = Debug|Any CPU
		{B5E9B8CE-0B99-4E72-A7B7-E7228CCDCBB1}.Release|Any CPU.ActiveCfg = Release|Any CPU
		{B5E9B8CE-0B99-4E72-A7B7-E7228CCDCBB1}.Release|Any CPU.Build.0 = Release|Any CPU
	EndGlobalSection
	GlobalSection(SolutionProperties) = preSolution
		HideSolutionNode = FALSE
	EndGlobalSection
EndGlobal
